{
  "name": "v8jsi-fork-sync",
  "version": "0.0.0",
  "lockfileVersion": 3,
  "requires": true,
  "packages": {
    "": {
      "name": "v8jsi-fork-sync",
      "version": "0.0.0",
      "dependencies": {
        "@rnx-kit/fork-sync": "^0.5.0"
      }
    },
    "node_modules/@rnx-kit/fork-sync": {
      "version": "0.5.0",
      "resolved": "https://registry.npmjs.org/@rnx-kit/fork-sync/-/fork-sync-0.5.0.tgz",
      "integrity": "sha512-10vqlFykfYr/87a0Hzl1IfwsMa3HvUyV/TsLry00LfFtgmUbcFCdNtpwuqSVQu7F9iu2uhiZJ8W8UktK3l+SfA==",
      "license": "MIT",
      "bin": {
        "ai-merge": "lib/ai-merge.js",
        "fork-sync": "lib/sync.js"
      },
      "engines": {
        "node": "^20.16.0 || >=22.4.0"
      }
    }
  }
}
