{
  "name": "v8jsi-fork-sync",
  "version": "0.0.0",
  "lockfileVersion": 3,
  "requires": true,
  "packages": {
    "": {
      "name": "v8jsi-fork-sync",
      "version": "0.0.0",
      "dependencies": {
        "@rnx-kit/fork-sync": "^0.4.1"
      }
    },
    "node_modules/@rnx-kit/fork-sync": {
      "version": "0.4.1",
      "resolved": "https://registry.npmjs.org/@rnx-kit/fork-sync/-/fork-sync-0.4.1.tgz",
      "integrity": "sha512-ZWv8ZVSX4P5zB7dKzAzJuMfI+8jtMsFlAEY05wOqHeUYFAIq4ySgVKiDM8SNaG0TPGlzC6YPFWHl0AZ5zKPe6A==",
      "license": "MIT",
      "bin": {
        "ai-merge": "lib/ai-merge.js",
        "fork-sync": "lib/sync.js"
      },
      "engines": {
        "node": "^20.16.0 || >=22.4.0"
      }
    }
  }
}
